
Microsoft Visual Studio Solution File, Format Version 12.00
# Visual Studio Version 17
VisualStudioVersion = 17.8.34330.188
MinimumVisualStudioVersion = 10.0.40219.1
Project("{FAE04EC0-301F-11D3-BF4B-00C04F79EFBC}") = "EffiWorks01", "EffiWorks01\EffiWorks01.csproj", "{F6D46DB1-B9AB-46D3-A119-C37BDB2113DE}"
EndProject
Global
	GlobalSection(SolutionConfigurationPlatforms) = preSolution
		Debug|Any CPU = Debug|Any CPU
		Release|Any CPU = Release|Any CPU
	EndGlobalSection
	GlobalSection(ProjectConfigurationPlatforms) = postSolution
		{F6D46DB1-B9AB-46D3-A119-C37BDB2113DE}.Debug|Any CPU.ActiveCfg = Debug|Any CPU
		{F6D46DB1-B9AB-46D3-A119-C37BDB2113DE}.Debug|Any CPU.Build.0 = Debug|Any CPU
		{F6D46DB1-B9AB-46D3-A119-C37BDB2113DE}.Release|Any CPU.ActiveCfg = Release|Any CPU
		{F6D46DB1-B9AB-46D3-A119-C37BDB2113DE}.Release|Any CPU.Build.0 = Release|Any CPU
	EndGlobalSection
	GlobalSection(SolutionProperties) = preSolution
		HideSolutionNode = FALSE
	EndGlobalSection
	GlobalSection(ExtensibilityGlobals) = postSolution
		SolutionGuid = {2AD835A6-20C6-4FAF-9812-C36D4587FBE6}
	EndGlobalSection
EndGlobal
